
Microsoft Visual Studio Solution File, Format Version 12.00
# Visual Studio 15
Project("{FAE04EC0-301F-11D3-BF4B-00C04F79EFBC}") = "Assembly-CSharp", "Assembly-CSharp.csproj", "{AC26000C-F10C-AB77-2551-FA52E75A75DE}"
EndProject
Project("{FAE04EC0-301F-11D3-BF4B-00C04F79EFBC}") = "Assembly-CSharp-Editor", "Assembly-CSharp-Editor.csproj", "{F608C1F7-3CEE-7FC0-7A67-7E247FE935F0}"
EndProject
Global
	GlobalSection(SolutionConfigurationPlatforms) = preSolution
		Debug|Any CPU = Debug|Any CPU
		Release|Any CPU = Release|Any CPU
	EndGlobalSection
	GlobalSection(ProjectConfigurationPlatforms) = postSolution
		{AC26000C-F10C-AB77-2551-FA52E75A75DE}.Debug|Any CPU.ActiveCfg = Debug|Any CPU
		{AC26000C-F10C-AB77-2551-FA52E75A75DE}.Debug|Any CPU.Build.0 = Debug|Any CPU
		{AC26000C-F10C-AB77-2551-FA52E75A75DE}.Release|Any CPU.ActiveCfg = Release|Any CPU
		{AC26000C-F10C-AB77-2551-FA52E75A75DE}.Release|Any CPU.Build.0 = Release|Any CPU
		{F608C1F7-3CEE-7FC0-7A67-7E247FE935F0}.Debug|Any CPU.ActiveCfg = Debug|Any CPU
		{F608C1F7-3CEE-7FC0-7A67-7E247FE935F0}.Debug|Any CPU.Build.0 = Debug|Any CPU
		{F608C1F7-3CEE-7FC0-7A67-7E247FE935F0}.Release|Any CPU.ActiveCfg = Release|Any CPU
		{F608C1F7-3CEE-7FC0-7A67-7E247FE935F0}.Release|Any CPU.Build.0 = Release|Any CPU
	EndGlobalSection
	GlobalSection(SolutionProperties) = preSolution
		HideSolutionNode = FALSE
	EndGlobalSection
EndGlobal
